
Microsoft Visual Studio Solution File, Format Version 12.00
# Visual Studio Version 17
VisualStudioVersion = 17.8.34322.80
MinimumVisualStudioVersion = 10.0.40219.1
Project("{FAE04EC0-301F-11D3-BF4B-00C04F79EFBC}") = "05_b_rol_game", "05_b_rol_game.csproj", "{8E709324-062D-4A79-91DA-0EB425993085}"
EndProject
Global
	GlobalSection(SolutionConfigurationPlatforms) = preSolution
		Debug|Any CPU = Debug|Any CPU
		Release|Any CPU = Release|Any CPU
	EndGlobalSection
	GlobalSection(ProjectConfigurationPlatforms) = postSolution
		{8E709324-062D-4A79-91DA-0EB425993085}.Debug|Any CPU.ActiveCfg = Debug|Any CPU
		{8E709324-062D-4A79-91DA-0EB425993085}.Debug|Any CPU.Build.0 = Debug|Any CPU
		{8E709324-062D-4A79-91DA-0EB425993085}.Release|Any CPU.ActiveCfg = Release|Any CPU
		{8E709324-062D-4A79-91DA-0EB425993085}.Release|Any CPU.Build.0 = Release|Any CPU
	EndGlobalSection
	GlobalSection(SolutionProperties) = preSolution
		HideSolutionNode = FALSE
	EndGlobalSection
	GlobalSection(ExtensibilityGlobals) = postSolution
		SolutionGuid = {80A20966-3EA0-4796-8B13-FBD63BA8C9EC}
	EndGlobalSection
EndGlobal
