
Microsoft Visual Studio Solution File, Format Version 12.00
# Visual Studio Version 17
VisualStudioVersion = 17.8.34322.80
MinimumVisualStudioVersion = 10.0.40219.1
Project("{FAE04EC0-301F-11D3-BF4B-00C04F79EFBC}") = "02_scope", "02_scope.csproj", "{5BD6E9A6-67C3-4E34-859E-533B7E99F58C}"
EndProject
Global
	GlobalSection(SolutionConfigurationPlatforms) = preSolution
		Debug|Any CPU = Debug|Any CPU
		Release|Any CPU = Release|Any CPU
	EndGlobalSection
	GlobalSection(ProjectConfigurationPlatforms) = postSolution
		{5BD6E9A6-67C3-4E34-859E-533B7E99F58C}.Debug|Any CPU.ActiveCfg = Debug|Any CPU
		{5BD6E9A6-67C3-4E34-859E-533B7E99F58C}.Debug|Any CPU.Build.0 = Debug|Any CPU
		{5BD6E9A6-67C3-4E34-859E-533B7E99F58C}.Release|Any CPU.ActiveCfg = Release|Any CPU
		{5BD6E9A6-67C3-4E34-859E-533B7E99F58C}.Release|Any CPU.Build.0 = Release|Any CPU
	EndGlobalSection
	GlobalSection(SolutionProperties) = preSolution
		HideSolutionNode = FALSE
	EndGlobalSection
	GlobalSection(ExtensibilityGlobals) = postSolution
		SolutionGuid = {DDC5ECA5-D638-4889-81CE-E21C82BCFBE5}
	EndGlobalSection
EndGlobal
