
Microsoft Visual Studio Solution File, Format Version 12.00
# Visual Studio Version 17
VisualStudioVersion = 17.7.34202.233
MinimumVisualStudioVersion = 10.0.40219.1
Project("{FAE04EC0-301F-11D3-BF4B-00C04F79EFBC}") = "01_conventions", "01_conventions.csproj", "{5536553D-08EE-49B4-B83E-E12F92AFD901}"
EndProject
Global
	GlobalSection(SolutionConfigurationPlatforms) = preSolution
		Debug|Any CPU = Debug|Any CPU
		Release|Any CPU = Release|Any CPU
	EndGlobalSection
	GlobalSection(ProjectConfigurationPlatforms) = postSolution
		{5536553D-08EE-49B4-B83E-E12F92AFD901}.Debug|Any CPU.ActiveCfg = Debug|Any CPU
		{5536553D-08EE-49B4-B83E-E12F92AFD901}.Debug|Any CPU.Build.0 = Debug|Any CPU
		{5536553D-08EE-49B4-B83E-E12F92AFD901}.Release|Any CPU.ActiveCfg = Release|Any CPU
		{5536553D-08EE-49B4-B83E-E12F92AFD901}.Release|Any CPU.Build.0 = Release|Any CPU
	EndGlobalSection
	GlobalSection(SolutionProperties) = preSolution
		HideSolutionNode = FALSE
	EndGlobalSection
	GlobalSection(ExtensibilityGlobals) = postSolution
		SolutionGuid = {2F2352CA-E8B2-4351-91A2-B8880A26D589}
	EndGlobalSection
EndGlobal
