
Microsoft Visual Studio Solution File, Format Version 12.00
# Visual Studio Version 17
VisualStudioVersion = 17.8.34322.80
MinimumVisualStudioVersion = 10.0.40219.1
Project("{FAE04EC0-301F-11D3-BF4B-00C04F79EFBC}") = "00_booleans", "00_booleans.csproj", "{A9FA79C1-FDF3-451A-99B8-D3FB32495EFF}"
EndProject
Global
	GlobalSection(SolutionConfigurationPlatforms) = preSolution
		Debug|Any CPU = Debug|Any CPU
		Release|Any CPU = Release|Any CPU
	EndGlobalSection
	GlobalSection(ProjectConfigurationPlatforms) = postSolution
		{A9FA79C1-FDF3-451A-99B8-D3FB32495EFF}.Debug|Any CPU.ActiveCfg = Debug|Any CPU
		{A9FA79C1-FDF3-451A-99B8-D3FB32495EFF}.Debug|Any CPU.Build.0 = Debug|Any CPU
		{A9FA79C1-FDF3-451A-99B8-D3FB32495EFF}.Release|Any CPU.ActiveCfg = Release|Any CPU
		{A9FA79C1-FDF3-451A-99B8-D3FB32495EFF}.Release|Any CPU.Build.0 = Release|Any CPU
	EndGlobalSection
	GlobalSection(SolutionProperties) = preSolution
		HideSolutionNode = FALSE
	EndGlobalSection
	GlobalSection(ExtensibilityGlobals) = postSolution
		SolutionGuid = {4AF2B991-B652-457D-992A-955C69FD4521}
	EndGlobalSection
EndGlobal
