
Microsoft Visual Studio Solution File, Format Version 12.00
# Visual Studio Version 17
VisualStudioVersion = 17.8.34322.80
MinimumVisualStudioVersion = 10.0.40219.1
Project("{FAE04EC0-301F-11D3-BF4B-00C04F79EFBC}") = "01_conditional_operator_challenge", "01_conditional_operator_challenge.csproj", "{ECC95CE8-71D1-4464-B3E3-0C0C4B6279B8}"
EndProject
Global
	GlobalSection(SolutionConfigurationPlatforms) = preSolution
		Debug|Any CPU = Debug|Any CPU
		Release|Any CPU = Release|Any CPU
	EndGlobalSection
	GlobalSection(ProjectConfigurationPlatforms) = postSolution
		{ECC95CE8-71D1-4464-B3E3-0C0C4B6279B8}.Debug|Any CPU.ActiveCfg = Debug|Any CPU
		{ECC95CE8-71D1-4464-B3E3-0C0C4B6279B8}.Debug|Any CPU.Build.0 = Debug|Any CPU
		{ECC95CE8-71D1-4464-B3E3-0C0C4B6279B8}.Release|Any CPU.ActiveCfg = Release|Any CPU
		{ECC95CE8-71D1-4464-B3E3-0C0C4B6279B8}.Release|Any CPU.Build.0 = Release|Any CPU
	EndGlobalSection
	GlobalSection(SolutionProperties) = preSolution
		HideSolutionNode = FALSE
	EndGlobalSection
	GlobalSection(ExtensibilityGlobals) = postSolution
		SolutionGuid = {6FFDB5C9-E09B-4ACE-970D-06F43DF89D5D}
	EndGlobalSection
EndGlobal
