
Microsoft Visual Studio Solution File, Format Version 12.00
# Visual Studio Version 17
VisualStudioVersion = 17.8.34408.163
MinimumVisualStudioVersion = 10.0.40219.1
Project("{FAE04EC0-301F-11D3-BF4B-00C04F79EFBC}") = "format_alphanumeric_data", "format_alphanumeric_data.csproj", "{C43259EB-1263-41BF-9910-98D4FC906C9E}"
EndProject
Global
	GlobalSection(SolutionConfigurationPlatforms) = preSolution
		Debug|Any CPU = Debug|Any CPU
		Release|Any CPU = Release|Any CPU
	EndGlobalSection
	GlobalSection(ProjectConfigurationPlatforms) = postSolution
		{C43259EB-1263-41BF-9910-98D4FC906C9E}.Debug|Any CPU.ActiveCfg = Debug|Any CPU
		{C43259EB-1263-41BF-9910-98D4FC906C9E}.Debug|Any CPU.Build.0 = Debug|Any CPU
		{C43259EB-1263-41BF-9910-98D4FC906C9E}.Release|Any CPU.ActiveCfg = Release|Any CPU
		{C43259EB-1263-41BF-9910-98D4FC906C9E}.Release|Any CPU.Build.0 = Release|Any CPU
	EndGlobalSection
	GlobalSection(SolutionProperties) = preSolution
		HideSolutionNode = FALSE
	EndGlobalSection
	GlobalSection(ExtensibilityGlobals) = postSolution
		SolutionGuid = {F2CCBF51-E15E-4384-B4F3-0500F70FBC36}
	EndGlobalSection
EndGlobal
