
Microsoft Visual Studio Solution File, Format Version 12.00
# Visual Studio Version 17
VisualStudioVersion = 17.7.34031.279
MinimumVisualStudioVersion = 10.0.40219.1
Project("{FAE04EC0-301F-11D3-BF4B-00C04F79EFBC}") = "dotnet_library", "dotnet_library\dotnet_library.csproj", "{0D894374-4AB2-4F02-9EB3-ADE889F0FEC2}"
EndProject
Global
	GlobalSection(SolutionConfigurationPlatforms) = preSolution
		Debug|Any CPU = Debug|Any CPU
		Release|Any CPU = Release|Any CPU
	EndGlobalSection
	GlobalSection(ProjectConfigurationPlatforms) = postSolution
		{0D894374-4AB2-4F02-9EB3-ADE889F0FEC2}.Debug|Any CPU.ActiveCfg = Debug|Any CPU
		{0D894374-4AB2-4F02-9EB3-ADE889F0FEC2}.Debug|Any CPU.Build.0 = Debug|Any CPU
		{0D894374-4AB2-4F02-9EB3-ADE889F0FEC2}.Release|Any CPU.ActiveCfg = Release|Any CPU
		{0D894374-4AB2-4F02-9EB3-ADE889F0FEC2}.Release|Any CPU.Build.0 = Release|Any CPU
	EndGlobalSection
	GlobalSection(SolutionProperties) = preSolution
		HideSolutionNode = FALSE
	EndGlobalSection
	GlobalSection(ExtensibilityGlobals) = postSolution
		SolutionGuid = {41C566B9-0478-4AFE-96DB-14F1A9B586A5}
	EndGlobalSection
EndGlobal
