
Microsoft Visual Studio Solution File, Format Version 12.00
# Visual Studio Version 17
VisualStudioVersion = 17.6.33829.357
MinimumVisualStudioVersion = 10.0.40219.1
Project("{FAE04EC0-301F-11D3-BF4B-00C04F79EFBC}") = "04_numeric_operations", "04_numeric_operations\04_numeric_operations.csproj", "{0E3DF85A-3562-4D66-9BC1-DB0AAD5F80CF}"
EndProject
Global
	GlobalSection(SolutionConfigurationPlatforms) = preSolution
		Debug|Any CPU = Debug|Any CPU
		Release|Any CPU = Release|Any CPU
	EndGlobalSection
	GlobalSection(ProjectConfigurationPlatforms) = postSolution
		{0E3DF85A-3562-4D66-9BC1-DB0AAD5F80CF}.Debug|Any CPU.ActiveCfg = Debug|Any CPU
		{0E3DF85A-3562-4D66-9BC1-DB0AAD5F80CF}.Debug|Any CPU.Build.0 = Debug|Any CPU
		{0E3DF85A-3562-4D66-9BC1-DB0AAD5F80CF}.Release|Any CPU.ActiveCfg = Release|Any CPU
		{0E3DF85A-3562-4D66-9BC1-DB0AAD5F80CF}.Release|Any CPU.Build.0 = Release|Any CPU
	EndGlobalSection
	GlobalSection(SolutionProperties) = preSolution
		HideSolutionNode = FALSE
	EndGlobalSection
	GlobalSection(ExtensibilityGlobals) = postSolution
		SolutionGuid = {ABA8ACB7-74DD-471F-9282-CA3A1D59BB51}
	EndGlobalSection
EndGlobal
